{
    "name": "wmcrypt",
    "version": "1.0.0",
    "lockfileVersion": 3,
    "requires": true,
    "packages": {
        "": {
            "name": "wmcrypt",
            "version": "1.0.0",
            "license": "MIT",
            "dependencies": {
                "wmcrypt": "^1.0.0"
            }
        },
        "node_modules/wmcrypt": {
            "version": "1.0.0",
            "resolved": "https://registry.npmjs.org/wmcrypt/-/wmcrypt-1.0.0.tgz",
            "integrity": "sha512-ar1ZHl+ZgfjiX28HXP0rz405gujJ66OiIArIGkm1Ka3U+BTTKUpsLhhoyZZGSAIQ5WJVNbuo3vj2sgSewxF4bQ==",
            "license": "MIT"
        }
    }
}
